
Microsoft Visual Studio Solution File, Format Version 12.00
# Visual Studio Version 17
VisualStudioVersion = 17.4.33213.308
MinimumVisualStudioVersion = 10.0.40219.1
Project("{FAE04EC0-301F-11D3-BF4B-00C04F79EFBC}") = "TI18N- Agenda de tarefas", "TI18N- Agenda de tarefas\TI18N- Agenda de tarefas.csproj", "{A520345E-E841-4C57-A790-0597111847E9}"
EndProject
Global
	GlobalSection(SolutionConfigurationPlatforms) = preSolution
		Debug|Any CPU = Debug|Any CPU
		Release|Any CPU = Release|Any CPU
	EndGlobalSection
	GlobalSection(ProjectConfigurationPlatforms) = postSolution
		{A520345E-E841-4C57-A790-0597111847E9}.Debug|Any CPU.ActiveCfg = Debug|Any CPU
		{A520345E-E841-4C57-A790-0597111847E9}.Debug|Any CPU.Build.0 = Debug|Any CPU
		{A520345E-E841-4C57-A790-0597111847E9}.Release|Any CPU.ActiveCfg = Release|Any CPU
		{A520345E-E841-4C57-A790-0597111847E9}.Release|Any CPU.Build.0 = Release|Any CPU
	EndGlobalSection
	GlobalSection(SolutionProperties) = preSolution
		HideSolutionNode = FALSE
	EndGlobalSection
	GlobalSection(ExtensibilityGlobals) = postSolution
		SolutionGuid = {52486FC5-9E02-4E39-A147-9C6EA9FB2C70}
	EndGlobalSection
EndGlobal
